
Microsoft Visual Studio Solution File, Format Version 12.00
# Visual Studio Version 16
VisualStudioVersion = 16.0.32106.194
MinimumVisualStudioVersion = 10.0.40219.1
Project("{FAE04EC0-301F-11D3-BF4B-00C04F79EFBC}") = "PokerGames.Web", "PokerGames.Web\PokerGames.Web.csproj", "{98ECDC62-9071-407C-A886-5CB79F106DC9}"
EndProject
Project("{FAE04EC0-301F-11D3-BF4B-00C04F79EFBC}") = "PokerGames.Test", "PokerGames.Test\PokerGames.Test.csproj", "{ED9E270A-74E9-4820-915E-F6175579CDF6}"
EndProject
Global
	GlobalSection(SolutionConfigurationPlatforms) = preSolution
		Debug|Any CPU = Debug|Any CPU
		Release|Any CPU = Release|Any CPU
	EndGlobalSection
	GlobalSection(ProjectConfigurationPlatforms) = postSolution
		{98ECDC62-9071-407C-A886-5CB79F106DC9}.Debug|Any CPU.ActiveCfg = Debug|Any CPU
		{98ECDC62-9071-407C-A886-5CB79F106DC9}.Debug|Any CPU.Build.0 = Debug|Any CPU
		{98ECDC62-9071-407C-A886-5CB79F106DC9}.Release|Any CPU.ActiveCfg = Release|Any CPU
		{98ECDC62-9071-407C-A886-5CB79F106DC9}.Release|Any CPU.Build.0 = Release|Any CPU
		{ED9E270A-74E9-4820-915E-F6175579CDF6}.Debug|Any CPU.ActiveCfg = Debug|Any CPU
		{ED9E270A-74E9-4820-915E-F6175579CDF6}.Debug|Any CPU.Build.0 = Debug|Any CPU
		{ED9E270A-74E9-4820-915E-F6175579CDF6}.Release|Any CPU.ActiveCfg = Release|Any CPU
		{ED9E270A-74E9-4820-915E-F6175579CDF6}.Release|Any CPU.Build.0 = Release|Any CPU
	EndGlobalSection
	GlobalSection(SolutionProperties) = preSolution
		HideSolutionNode = FALSE
	EndGlobalSection
	GlobalSection(ExtensibilityGlobals) = postSolution
		SolutionGuid = {EFE80BB0-F9C7-47EA-958F-23C40F43C1B7}
	EndGlobalSection
EndGlobal
